// !$*UTF8*$!
{
	archiveVersion = 1;
	classes = {
	};
	objectVersion = 46;
	objects = {

/* Begin PBXBuildFile section */
		283734F8559AC352E355C6A6 /* libPods-NerNews.a in Frameworks */ = {isa = PBXBuildFile; fileRef = CF69313DF2E9BFF762930DD0 /* libPods-NerNews.a */; };
		669B553A1E72BA610026153E /* main.m in Sources */ = {isa = PBXBuildFile; fileRef = 669B55391E72BA610026153E /* main.m */; };
		669B553D1E72BA610026153E /* AppDelegate.m in Sources */ = {isa = PBXBuildFile; fileRef = 669B553C1E72BA610026153E /* AppDelegate.m */; };
		669B55431E72BA610026153E /* Main.storyboard in Resources */ = {isa = PBXBuildFile; fileRef = 669B55411E72BA610026153E /* Main.storyboard */; };
		669B55451E72BA610026153E /* Assets.xcassets in Resources */ = {isa = PBXBuildFile; fileRef = 669B55441E72BA610026153E /* Assets.xcassets */; };
		669B55481E72BA610026153E /* LaunchScreen.storyboard in Resources */ = {isa = PBXBuildFile; fileRef = 669B55461E72BA610026153E /* LaunchScreen.storyboard */; };
		66E4D5BF1E7421BF006F48BA /* WSHomeController.m in Sources */ = {isa = PBXBuildFile; fileRef = 66E4D5BE1E7421BF006F48BA /* WSHomeController.m */; };
/* End PBXBuildFile section */

/* Begin PBXFileReference section */
		38138D7664992BBAD385A5E9 /* Pods-NerNews.release.xcconfig */ = {isa = PBXFileReference; includeInIndex = 1; lastKnownFileType = text.xcconfig; name = "Pods-NerNews.release.xcconfig"; path = "Pods/Target Support Files/Pods-NerNews/Pods-NerNews.release.xcconfig"; sourceTree = "<group>"; };
		669B55351E72BA610026153E /* NerNews.app */ = {isa = PBXFileReference; explicitFileType = wrapper.application; includeInIndex = 0; path = NerNews.app; sourceTree = BUILT_PRODUCTS_DIR; };
		669B55391E72BA610026153E /* main.m */ = {isa = PBXFileReference; lastKnownFileType = sourcecode.c.objc; path = main.m; sourceTree = "<group>"; };
		669B553B1E72BA610026153E /* AppDelegate.h */ = {isa = PBXFileReference; lastKnownFileType = sourcecode.c.h; path = AppDelegate.h; sourceTree = "<group>"; };
		669B553C1E72BA610026153E /* AppDelegate.m */ = {isa = PBXFileReference; lastKnownFileType = sourcecode.c.objc; path = AppDelegate.m; sourceTree = "<group>"; };
		669B55421E72BA610026153E /* Base */ = {isa = PBXFileReference; lastKnownFileType = file.storyboard; name = Base; path = Base.lproj/Main.storyboard; sourceTree = "<group>"; };
		669B55441E72BA610026153E /* Assets.xcassets */ = {isa = PBXFileReference; lastKnownFileType = folder.assetcatalog; path = Assets.xcassets; sourceTree = "<group>"; };
		669B55471E72BA610026153E /* Base */ = {isa = PBXFileReference; lastKnownFileType = file.storyboard; name = Base; path = Base.lproj/LaunchScreen.storyboard; sourceTree = "<group>"; };
		669B55491E72BA610026153E /* Info.plist */ = {isa = PBXFileReference; lastKnownFileType = text.plist.xml; path = Info.plist; sourceTree = "<group>"; };
		66E4D5BD1E7421BF006F48BA /* WSHomeController.h */ = {isa = PBXFileReference; fileEncoding = 4; lastKnownFileType = sourcecode.c.h; path = WSHomeController.h; sourceTree = "<group>"; };
		66E4D5BE1E7421BF006F48BA /* WSHomeController.m */ = {isa = PBXFileReference; fileEncoding = 4; lastKnownFileType = sourcecode.c.objc; path = WSHomeController.m; sourceTree = "<group>"; };
		CF69313DF2E9BFF762930DD0 /* libPods-NerNews.a */ = {isa = PBXFileReference; explicitFileType = archive.ar; includeInIndex = 0; path = "libPods-NerNews.a"; sourceTree = BUILT_PRODUCTS_DIR; };
		E15FFE793D814156199453AB /* Pods-NerNews.debug.xcconfig */ = {isa = PBXFileReference; includeInIndex = 1; lastKnownFileType = text.xcconfig; name = "Pods-NerNews.debug.xcconfig"; path = "Pods/Target Support Files/Pods-NerNews/Pods-NerNews.debug.xcconfig"; sourceTree = "<group>"; };
/* End PBXFileReference section */

/* Begin PBXFrameworksBuildPhase section */
		669B55321E72BA610026153E /* Frameworks */ = {
			isa = PBXFrameworksBuildPhase;
			buildActionMask = 2147483647;
			files = (
				283734F8559AC352E355C6A6 /* libPods-NerNews.a in Frameworks */,
			);
			runOnlyForDeploymentPostprocessing = 0;
		};
/* End PBXFrameworksBuildPhase section */

/* Begin PBXGroup section */
		669B552C1E72BA610026153E = {
			isa = PBXGroup;
			children = (
				669B55371E72BA610026153E /* NerNews */,
				669B55361E72BA610026153E /* Products */,
				EF4F7D88052289B1A7C05B0C /* Pods */,
				ACF38D3682EB6AE58637D094 /* Frameworks */,
			);
			sourceTree = "<group>";
		};
		669B55361E72BA610026153E /* Products */ = {
			isa = PBXGroup;
			children = (
				669B55351E72BA610026153E /* NerNews.app */,
			);
			name = Products;
			sourceTree = "<group>";
		};
		669B55371E72BA610026153E /* NerNews */ = {
			isa = PBXGroup;
			children = (
				66E4D5B81E74214C006F48BA /* Classes */,
				669B55381E72BA610026153E /* Supporting Files */,
			);
			path = NerNews;
			sourceTree = "<group>";
		};
		669B55381E72BA610026153E /* Supporting Files */ = {
			isa = PBXGroup;
			children = (
				669B55461E72BA610026153E /* LaunchScreen.storyboard */,
				669B55441E72BA610026153E /* Assets.xcassets */,
				669B55411E72BA610026153E /* Main.storyboard */,
				669B553B1E72BA610026153E /* AppDelegate.h */,
				669B553C1E72BA610026153E /* AppDelegate.m */,
				669B55391E72BA610026153E /* main.m */,
				669B55491E72BA610026153E /* Info.plist */,
			);
			name = "Supporting Files";
			sourceTree = "<group>";
		};
		66E4D5B81E74214C006F48BA /* Classes */ = {
			isa = PBXGroup;
			children = (
				66E4D5B91E74214C006F48BA /* Home */,
			);
			path = Classes;
			sourceTree = "<group>";
		};
		66E4D5B91E74214C006F48BA /* Home */ = {
			isa = PBXGroup;
			children = (
				66E4D5BA1E74214C006F48BA /* Controller */,
				66E4D5BB1E74214C006F48BA /* Model */,
				66E4D5BC1E74214C006F48BA /* View */,
			);
			path = Home;
			sourceTree = "<group>";
		};
		66E4D5BA1E74214C006F48BA /* Controller */ = {
			isa = PBXGroup;
			children = (
				66E4D5BD1E7421BF006F48BA /* WSHomeController.h */,
				66E4D5BE1E7421BF006F48BA /* WSHomeController.m */,
			);
			path = Controller;
			sourceTree = "<group>";
		};
		66E4D5BB1E74214C006F48BA /* Model */ = {
			isa = PBXGroup;
			children = (
			);
			path = Model;
			sourceTree = "<group>";
		};
		66E4D5BC1E74214C006F48BA /* View */ = {
			isa = PBXGroup;
			children = (
			);
			path = View;
			sourceTree = "<group>";
		};
		ACF38D3682EB6AE58637D094 /* Frameworks */ = {
			isa = PBXGroup;
			children = (
				CF69313DF2E9BFF762930DD0 /* libPods-NerNews.a */,
			);
			name = Frameworks;
			sourceTree = "<group>";
		};
		EF4F7D88052289B1A7C05B0C /* Pods */ = {
			isa = PBXGroup;
			children = (
				E15FFE793D814156199453AB /* Pods-NerNews.debug.xcconfig */,
				38138D7664992BBAD385A5E9 /* Pods-NerNews.release.xcconfig */,
			);
			name = Pods;
			sourceTree = "<group>";
		};
/* End PBXGroup section */

/* Begin PBXNativeTarget section */
		669B55341E72BA610026153E /* NerNews */ = {
			isa = PBXNativeTarget;
			buildConfigurationList = 669B554C1E72BA610026153E /* Build configuration list for PBXNativeTarget "NerNews" */;
			buildPhases = (
				F75138C329EAF24CC7266A00 /* [CP] Check Pods Manifest.lock */,
				669B55311E72BA610026153E /* Sources */,
				669B55321E72BA610026153E /* Frameworks */,
				669B55331E72BA610026153E /* Resources */,
				18D4E1A014BC6332548C0BA1 /* [CP] Embed Pods Frameworks */,
				EF70C7CCF855818F587A65DE /* [CP] Copy Pods Resources */,
			);
			buildRules = (
			);
			dependencies = (
			);
			name = NerNews;
			productName = NerNews;
			productReference = 669B55351E72BA610026153E /* NerNews.app */;
			productType = "com.apple.product-type.application";
		};
/* End PBXNativeTarget section */

/* Begin PBXProject section */
		669B552D1E72BA610026153E /* Project object */ = {
			isa = PBXProject;
			attributes = {
				CLASSPREFIX = WS;
				LastUpgradeCheck = 0820;
				ORGANIZATIONNAME = "王晨";
				TargetAttributes = {
					669B55341E72BA610026153E = {
						CreatedOnToolsVersion = 8.2;
						ProvisioningStyle = Automatic;
					};
				};
			};
			buildConfigurationList = 669B55301E72BA610026153E /* Build configuration list for PBXProject "NerNews" */;
			compatibilityVersion = "Xcode 3.2";
			developmentRegion = English;
			hasScannedForEncodings = 0;
			knownRegions = (
				en,
				Base,
			);
			mainGroup = 669B552C1E72BA610026153E;
			productRefGroup = 669B55361E72BA610026153E /* Products */;
			projectDirPath = "";
			projectRoot = "";
			targets = (
				669B55341E72BA610026153E /* NerNews */,
			);
		};
/* End PBXProject section */

/* Begin PBXResourcesBuildPhase section */
		669B55331E72BA610026153E /* Resources */ = {
			isa = PBXResourcesBuildPhase;
			buildActionMask = 2147483647;
			files = (
				669B55481E72BA610026153E /* LaunchScreen.storyboard in Resources */,
				669B55451E72BA610026153E /* Assets.xcassets in Resources */,
				669B55431E72BA610026153E /* Main.storyboard in Resources */,
			);
			runOnlyForDeploymentPostprocessing = 0;
		};
/* End PBXResourcesBuildPhase section */

/* Begin PBXShellScriptBuildPhase section */
		18D4E1A014BC6332548C0BA1 /* [CP] Embed Pods Frameworks */ = {
			isa = PBXShellScriptBuildPhase;
			buildActionMask = 2147483647;
			files = (
			);
			inputPaths = (
			);
			name = "[CP] Embed Pods Frameworks";
			outputPaths = (
			);
			runOnlyForDeploymentPostprocessing = 0;
			shellPath = /bin/sh;
			shellScript = "\"${SRCROOT}/Pods/Target Support Files/Pods-NerNews/Pods-NerNews-frameworks.sh\"\n";
			showEnvVarsInLog = 0;
		};
		EF70C7CCF855818F587A65DE /* [CP] Copy Pods Resources */ = {
			isa = PBXShellScriptBuildPhase;
			buildActionMask = 2147483647;
			files = (
			);
			inputPaths = (
			);
			name = "[CP] Copy Pods Resources";
			outputPaths = (
			);
			runOnlyForDeploymentPostprocessing = 0;
			shellPath = /bin/sh;
			shellScript = "\"${SRCROOT}/Pods/Target Support Files/Pods-NerNews/Pods-NerNews-resources.sh\"\n";
			showEnvVarsInLog = 0;
		};
		F75138C329EAF24CC7266A00 /* [CP] Check Pods Manifest.lock */ = {
			isa = PBXShellScriptBuildPhase;
			buildActionMask = 2147483647;
			files = (
			);
			inputPaths = (
			);
			name = "[CP] Check Pods Manifest.lock";
			outputPaths = (
			);
			runOnlyForDeploymentPostprocessing = 0;
			shellPath = /bin/sh;
			shellScript = "diff \"${PODS_ROOT}/../Podfile.lock\" \"${PODS_ROOT}/Manifest.lock\" > /dev/null\nif [ $? != 0 ] ; then\n    # print error to STDERR\n    echo \"error: The sandbox is not in sync with the Podfile.lock. Run 'pod install' or update your CocoaPods installation.\" >&2\n    exit 1\nfi\n";
			showEnvVarsInLog = 0;
		};
/* End PBXShellScriptBuildPhase section */

/* Begin PBXSourcesBuildPhase section */
		669B55311E72BA610026153E /* Sources */ = {
			isa = PBXSourcesBuildPhase;
			buildActionMask = 2147483647;
			files = (
				669B553D1E72BA610026153E /* AppDelegate.m in Sources */,
				66E4D5BF1E7421BF006F48BA /* WSHomeController.m in Sources */,
				669B553A1E72BA610026153E /* main.m in Sources */,
			);
			runOnlyForDeploymentPostprocessing = 0;
		};
/* End PBXSourcesBuildPhase section */

/* Begin PBXVariantGroup section */
		669B55411E72BA610026153E /* Main.storyboard */ = {
			isa = PBXVariantGroup;
			children = (
				669B55421E72BA610026153E /* Base */,
			);
			name = Main.storyboard;
			sourceTree = "<group>";
		};
		669B55461E72BA610026153E /* LaunchScreen.storyboard */ = {
			isa = PBXVariantGroup;
			children = (
				669B55471E72BA610026153E /* Base */,
			);
			name = LaunchScreen.storyboard;
			sourceTree = "<group>";
		};
/* End PBXVariantGroup section */

/* Begin XCBuildConfiguration section */
		669B554A1E72BA610026153E /* Debug */ = {
			isa = XCBuildConfiguration;
			buildSettings = {
				ALWAYS_SEARCH_USER_PATHS = NO;
				CLANG_ANALYZER_NONNULL = YES;
				CLANG_CXX_LANGUAGE_STANDARD = "gnu++0x";
				CLANG_CXX_LIBRARY = "libc++";
				CLANG_ENABLE_MODULES = YES;
				CLANG_ENABLE_OBJC_ARC = YES;
				CLANG_WARN_BOOL_CONVERSION = YES;
				CLANG_WARN_CONSTANT_CONVERSION = YES;
				CLANG_WARN_DIRECT_OBJC_ISA_USAGE = YES_ERROR;
				CLANG_WARN_DOCUMENTATION_COMMENTS = YES;
				CLANG_WARN_EMPTY_BODY = YES;
				CLANG_WARN_ENUM_CONVERSION = YES;
				CLANG_WARN_INFINITE_RECURSION = YES;
				CLANG_WARN_INT_CONVERSION = YES;
				CLANG_WARN_OBJC_ROOT_CLASS = YES_ERROR;
				CLANG_WARN_SUSPICIOUS_MOVE = YES;
				CLANG_WARN_UNREACHABLE_CODE = YES;
				CLANG_WARN__DUPLICATE_METHOD_MATCH = YES;
				"CODE_SIGN_IDENTITY[sdk=iphoneos*]" = "iPhone Developer";
				COPY_PHASE_STRIP = NO;
				DEBUG_INFORMATION_FORMAT = dwarf;
				ENABLE_STRICT_OBJC_MSGSEND = YES;
				ENABLE_TESTABILITY = YES;
				GCC_C_LANGUAGE_STANDARD = gnu99;
				GCC_DYNAMIC_NO_PIC = NO;
				GCC_NO_COMMON_BLOCKS = YES;
				GCC_OPTIMIZATION_LEVEL = 0;
				GCC_PREPROCESSOR_DEFINITIONS = (
					"DEBUG=1",
					"$(inherited)",
				);
				GCC_WARN_64_TO_32_BIT_CONVERSION = YES;
				GCC_WARN_ABOUT_RETURN_TYPE = YES_ERROR;
				GCC_WARN_UNDECLARED_SELECTOR = YES;
				GCC_WARN_UNINITIALIZED_AUTOS = YES_AGGRESSIVE;
				GCC_WARN_UNUSED_FUNCTION = YES;
				GCC_WARN_UNUSED_VARIABLE = YES;
				IPHONEOS_DEPLOYMENT_TARGET = 10.2;
				MTL_ENABLE_DEBUG_INFO = YES;
				ONLY_ACTIVE_ARCH = YES;
				SDKROOT = iphoneos;
				TARGETED_DEVICE_FAMILY = "1,2";
			};
			name = Debug;
		};
		669B554B1E72BA610026153E /* Release */ = {
			isa = XCBuildConfiguration;
			buildSettings = {
				ALWAYS_SEARCH_USER_PATHS = NO;
				CLANG_ANALYZER_NONNULL = YES;
				CLANG_CXX_LANGUAGE_STANDARD = "gnu++0x";
				CLANG_CXX_LIBRARY = "libc++";
				CLANG_ENABLE_MODULES = YES;
				CLANG_ENABLE_OBJC_ARC = YES;
				CLANG_WARN_BOOL_CONVERSION = YES;
				CLANG_WARN_CONSTANT_CONVERSION = YES;
				CLANG_WARN_DIRECT_OBJC_ISA_USAGE = YES_ERROR;
				CLANG_WARN_DOCUMENTATION_COMMENTS = YES;
				CLANG_WARN_EMPTY_BODY = YES;
				CLANG_WARN_ENUM_CONVERSION = YES;
				CLANG_WARN_INFINITE_RECURSION = YES;
				CLANG_WARN_INT_CONVERSION = YES;
				CLANG_WARN_OBJC_ROOT_CLASS = YES_ERROR;
				CLANG_WARN_SUSPICIOUS_MOVE = YES;
				CLANG_WARN_UNREACHABLE_CODE = YES;
				CLANG_WARN__DUPLICATE_METHOD_MATCH = YES;
				"CODE_SIGN_IDENTITY[sdk=iphoneos*]" = "iPhone Developer";
				COPY_PHASE_STRIP = NO;
				DEBUG_INFORMATION_FORMAT = "dwarf-with-dsym";
				ENABLE_NS_ASSERTIONS = NO;
				ENABLE_STRICT_OBJC_MSGSEND = YES;
				GCC_C_LANGUAGE_STANDARD = gnu99;
				GCC_NO_COMMON_BLOCKS = YES;
				GCC_WARN_64_TO_32_BIT_CONVERSION = YES;
				GCC_WARN_ABOUT_RETURN_TYPE = YES_ERROR;
				GCC_WARN_UNDECLARED_SELECTOR = YES;
				GCC_WARN_UNINITIALIZED_AUTOS = YES_AGGRESSIVE;
				GCC_WARN_UNUSED_FUNCTION = YES;
				GCC_WARN_UNUSED_VARIABLE = YES;
				IPHONEOS_DEPLOYMENT_TARGET = 10.2;
				MTL_ENABLE_DEBUG_INFO = NO;
				SDKROOT = iphoneos;
				TARGETED_DEVICE_FAMILY = "1,2";
				VALIDATE_PRODUCT = YES;
			};
			name = Release;
		};
		669B554D1E72BA610026153E /* Debug */ = {
			isa = XCBuildConfiguration;
			baseConfigurationReference = E15FFE793D814156199453AB /* Pods-NerNews.debug.xcconfig */;
			buildSettings = {
				ASSETCATALOG_COMPILER_APPICON_NAME = AppIcon;
				INFOPLIST_FILE = NerNews/Info.plist;
				IPHONEOS_DEPLOYMENT_TARGET = 9.0;
				LD_RUNPATH_SEARCH_PATHS = "$(inherited) @executable_path/Frameworks";
				PRODUCT_BUNDLE_IDENTIFIER = "com.boxuegu.bj-sdual.NerNews";
				PRODUCT_NAME = "$(TARGET_NAME)";
				TARGETED_DEVICE_FAMILY = 1;
			};
			name = Debug;
		};
		669B554E1E72BA610026153E /* Release */ = {
			isa = XCBuildConfiguration;
			baseConfigurationReference = 38138D7664992BBAD385A5E9 /* Pods-NerNews.release.xcconfig */;
			buildSettings = {
				ASSETCATALOG_COMPILER_APPICON_NAME = AppIcon;
				INFOPLIST_FILE = NerNews/Info.plist;
				IPHONEOS_DEPLOYMENT_TARGET = 9.0;
				LD_RUNPATH_SEARCH_PATHS = "$(inherited) @executable_path/Frameworks";
				PRODUCT_BUNDLE_IDENTIFIER = "com.boxuegu.bj-sdual.NerNews";
				PRODUCT_NAME = "$(TARGET_NAME)";
				TARGETED_DEVICE_FAMILY = 1;
			};
			name = Release;
		};
/* End XCBuildConfiguration section */

/* Begin XCConfigurationList section */
		669B55301E72BA610026153E /* Build configuration list for PBXProject "NerNews" */ = {
			isa = XCConfigurationList;
			buildConfigurations = (
				669B554A1E72BA610026153E /* Debug */,
				669B554B1E72BA610026153E /* Release */,
			);
			defaultConfigurationIsVisible = 0;
			defaultConfigurationName = Release;
		};
		669B554C1E72BA610026153E /* Build configuration list for PBXNativeTarget "NerNews" */ = {
			isa = XCConfigurationList;
			buildConfigurations = (
				669B554D1E72BA610026153E /* Debug */,
				669B554E1E72BA610026153E /* Release */,
			);
			defaultConfigurationIsVisible = 0;
			defaultConfigurationName = Release;
		};
/* End XCConfigurationList section */
	};
	rootObject = 669B552D1E72BA610026153E /* Project object */;
}
